
Microsoft Visual Studio Solution File, Format Version 12.00
# Visual Studio Version 17
VisualStudioVersion = 17.13.35818.85 d17.13
MinimumVisualStudioVersion = 10.0.40219.1
Project("{FAE04EC0-301F-11D3-BF4B-00C04F79EFBC}") = "pr_2_cl", "pr_2_cl.csproj", "{AB7F2FDF-6949-4D2A-965D-C5C547EE3B8B}"
EndProject
Global
	GlobalSection(SolutionConfigurationPlatforms) = preSolution
		Debug|Any CPU = Debug|Any CPU
		Release|Any CPU = Release|Any CPU
	EndGlobalSection
	GlobalSection(ProjectConfigurationPlatforms) = postSolution
		{AB7F2FDF-6949-4D2A-965D-C5C547EE3B8B}.Debug|Any CPU.ActiveCfg = Debug|Any CPU
		{AB7F2FDF-6949-4D2A-965D-C5C547EE3B8B}.Debug|Any CPU.Build.0 = Debug|Any CPU
		{AB7F2FDF-6949-4D2A-965D-C5C547EE3B8B}.Release|Any CPU.ActiveCfg = Release|Any CPU
		{AB7F2FDF-6949-4D2A-965D-C5C547EE3B8B}.Release|Any CPU.Build.0 = Release|Any CPU
	EndGlobalSection
	GlobalSection(SolutionProperties) = preSolution
		HideSolutionNode = FALSE
	EndGlobalSection
	GlobalSection(ExtensibilityGlobals) = postSolution
		SolutionGuid = {21F16685-4038-4C21-88C0-7A9EB5788EA4}
	EndGlobalSection
EndGlobal
